
Microsoft Visual Studio Solution File, Format Version 12.00
# Visual Studio Version 17
VisualStudioVersion = 17.8.34330.188
MinimumVisualStudioVersion = 10.0.40219.1
Project("{8BC9CEB8-8B4A-11D0-8D11-00A0C91BC942}") = "ControlStructures", "ControlStructures\ControlStructures.vcxproj", "{F47C6337-40D4-480D-B740-49602642518F}"
EndProject
Project("{8BC9CEB8-8B4A-11D0-8D11-00A0C91BC942}") = "Palindrome", "Palindrome\Palindrome.vcxproj", "{F0DE8C9B-4450-480F-A09B-D1E6B120E34D}"
EndProject
Project("{8BC9CEB8-8B4A-11D0-8D11-00A0C91BC942}") = "Loops", "Loops\Loops.vcxproj", "{1F41264D-DA03-4530-90E0-C32E55A8BAE7}"
EndProject
Project("{8BC9CEB8-8B4A-11D0-8D11-00A0C91BC942}") = "Shooter", "Shooter\Shooter.vcxproj", "{427158B0-BC39-4868-B8C6-DB9096FF8264}"
EndProject
Project("{8BC9CEB8-8B4A-11D0-8D11-00A0C91BC942}") = "Ticket", "Ticket\Ticket.vcxproj", "{975C27ED-CD54-4BE9-B4BC-23668586832E}"
EndProject
Project("{8BC9CEB8-8B4A-11D0-8D11-00A0C91BC942}") = "loops2", "loops2\loops2.vcxproj", "{293B0A99-DA48-4265-B4F0-6BE5C32B6CB4}"
EndProject
Project("{8BC9CEB8-8B4A-11D0-8D11-00A0C91BC942}") = "For", "For\For.vcxproj", "{2A2387DC-DDD1-4F3A-A359-C7EC33663CAA}"
EndProject
Project("{8BC9CEB8-8B4A-11D0-8D11-00A0C91BC942}") = "zadaci", "zadaci\zadaci.vcxproj", "{C3814893-3667-4C9D-922E-9C1C6EF51A5D}"
EndProject
Project("{8BC9CEB8-8B4A-11D0-8D11-00A0C91BC942}") = "Geometria", "Geometria\Geometria.vcxproj", "{05D2BC78-C3AD-4057-A877-3C23FFF1FC6B}"
EndProject
Project("{8BC9CEB8-8B4A-11D0-8D11-00A0C91BC942}") = "Geometria1", "Geometria1\Geometria1.vcxproj", "{B142DC7C-00B7-4C31-BACE-637843B7BD32}"
EndProject
Project("{8BC9CEB8-8B4A-11D0-8D11-00A0C91BC942}") = "chez", "chez\chez.vcxproj", "{7A84B82C-2075-428E-B704-DA1F53075D71}"
EndProject
Project("{8BC9CEB8-8B4A-11D0-8D11-00A0C91BC942}") = "ches2", "ches2\ches2.vcxproj", "{2A4E3FDF-A379-4987-8470-45D93F49B6D7}"
EndProject
Global
	GlobalSection(SolutionConfigurationPlatforms) = preSolution
		Debug|x64 = Debug|x64
		Debug|x86 = Debug|x86
		Release|x64 = Release|x64
		Release|x86 = Release|x86
	EndGlobalSection
	GlobalSection(ProjectConfigurationPlatforms) = postSolution
		{F47C6337-40D4-480D-B740-49602642518F}.Debug|x64.ActiveCfg = Debug|x64
		{F47C6337-40D4-480D-B740-49602642518F}.Debug|x64.Build.0 = Debug|x64
		{F47C6337-40D4-480D-B740-49602642518F}.Debug|x86.ActiveCfg = Debug|Win32
		{F47C6337-40D4-480D-B740-49602642518F}.Debug|x86.Build.0 = Debug|Win32
		{F47C6337-40D4-480D-B740-49602642518F}.Release|x64.ActiveCfg = Release|x64
		{F47C6337-40D4-480D-B740-49602642518F}.Release|x64.Build.0 = Release|x64
		{F47C6337-40D4-480D-B740-49602642518F}.Release|x86.ActiveCfg = Release|Win32
		{F47C6337-40D4-480D-B740-49602642518F}.Release|x86.Build.0 = Release|Win32
		{F0DE8C9B-4450-480F-A09B-D1E6B120E34D}.Debug|x64.ActiveCfg = Debug|x64
		{F0DE8C9B-4450-480F-A09B-D1E6B120E34D}.Debug|x64.Build.0 = Debug|x64
		{F0DE8C9B-4450-480F-A09B-D1E6B120E34D}.Debug|x86.ActiveCfg = Debug|Win32
		{F0DE8C9B-4450-480F-A09B-D1E6B120E34D}.Debug|x86.Build.0 = Debug|Win32
		{F0DE8C9B-4450-480F-A09B-D1E6B120E34D}.Release|x64.ActiveCfg = Release|x64
		{F0DE8C9B-4450-480F-A09B-D1E6B120E34D}.Release|x64.Build.0 = Release|x64
		{F0DE8C9B-4450-480F-A09B-D1E6B120E34D}.Release|x86.ActiveCfg = Release|Win32
		{F0DE8C9B-4450-480F-A09B-D1E6B120E34D}.Release|x86.Build.0 = Release|Win32
		{1F41264D-DA03-4530-90E0-C32E55A8BAE7}.Debug|x64.ActiveCfg = Debug|x64
		{1F41264D-DA03-4530-90E0-C32E55A8BAE7}.Debug|x64.Build.0 = Debug|x64
		{1F41264D-DA03-4530-90E0-C32E55A8BAE7}.Debug|x86.ActiveCfg = Debug|Win32
		{1F41264D-DA03-4530-90E0-C32E55A8BAE7}.Debug|x86.Build.0 = Debug|Win32
		{1F41264D-DA03-4530-90E0-C32E55A8BAE7}.Release|x64.ActiveCfg = Release|x64
		{1F41264D-DA03-4530-90E0-C32E55A8BAE7}.Release|x64.Build.0 = Release|x64
		{1F41264D-DA03-4530-90E0-C32E55A8BAE7}.Release|x86.ActiveCfg = Release|Win32
		{1F41264D-DA03-4530-90E0-C32E55A8BAE7}.Release|x86.Build.0 = Release|Win32
		{427158B0-BC39-4868-B8C6-DB9096FF8264}.Debug|x64.ActiveCfg = Debug|x64
		{427158B0-BC39-4868-B8C6-DB9096FF8264}.Debug|x64.Build.0 = Debug|x64
		{427158B0-BC39-4868-B8C6-DB9096FF8264}.Debug|x86.ActiveCfg = Debug|Win32
		{427158B0-BC39-4868-B8C6-DB9096FF8264}.Debug|x86.Build.0 = Debug|Win32
		{427158B0-BC39-4868-B8C6-DB9096FF8264}.Release|x64.ActiveCfg = Release|x64
		{427158B0-BC39-4868-B8C6-DB9096FF8264}.Release|x64.Build.0 = Release|x64
		{427158B0-BC39-4868-B8C6-DB9096FF8264}.Release|x86.ActiveCfg = Release|Win32
		{427158B0-BC39-4868-B8C6-DB9096FF8264}.Release|x86.Build.0 = Release|Win32
		{975C27ED-CD54-4BE9-B4BC-23668586832E}.Debug|x64.ActiveCfg = Debug|x64
		{975C27ED-CD54-4BE9-B4BC-23668586832E}.Debug|x64.Build.0 = Debug|x64
		{975C27ED-CD54-4BE9-B4BC-23668586832E}.Debug|x86.ActiveCfg = Debug|Win32
		{975C27ED-CD54-4BE9-B4BC-23668586832E}.Debug|x86.Build.0 = Debug|Win32
		{975C27ED-CD54-4BE9-B4BC-23668586832E}.Release|x64.ActiveCfg = Release|x64
		{975C27ED-CD54-4BE9-B4BC-23668586832E}.Release|x64.Build.0 = Release|x64
		{975C27ED-CD54-4BE9-B4BC-23668586832E}.Release|x86.ActiveCfg = Release|Win32
		{975C27ED-CD54-4BE9-B4BC-23668586832E}.Release|x86.Build.0 = Release|Win32
		{293B0A99-DA48-4265-B4F0-6BE5C32B6CB4}.Debug|x64.ActiveCfg = Debug|x64
		{293B0A99-DA48-4265-B4F0-6BE5C32B6CB4}.Debug|x64.Build.0 = Debug|x64
		{293B0A99-DA48-4265-B4F0-6BE5C32B6CB4}.Debug|x86.ActiveCfg = Debug|Win32
		{293B0A99-DA48-4265-B4F0-6BE5C32B6CB4}.Debug|x86.Build.0 = Debug|Win32
		{293B0A99-DA48-4265-B4F0-6BE5C32B6CB4}.Release|x64.ActiveCfg = Release|x64
		{293B0A99-DA48-4265-B4F0-6BE5C32B6CB4}.Release|x64.Build.0 = Release|x64
		{293B0A99-DA48-4265-B4F0-6BE5C32B6CB4}.Release|x86.ActiveCfg = Release|Win32
		{293B0A99-DA48-4265-B4F0-6BE5C32B6CB4}.Release|x86.Build.0 = Release|Win32
		{2A2387DC-DDD1-4F3A-A359-C7EC33663CAA}.Debug|x64.ActiveCfg = Debug|x64
		{2A2387DC-DDD1-4F3A-A359-C7EC33663CAA}.Debug|x64.Build.0 = Debug|x64
		{2A2387DC-DDD1-4F3A-A359-C7EC33663CAA}.Debug|x86.ActiveCfg = Debug|Win32
		{2A2387DC-DDD1-4F3A-A359-C7EC33663CAA}.Debug|x86.Build.0 = Debug|Win32
		{2A2387DC-DDD1-4F3A-A359-C7EC33663CAA}.Release|x64.ActiveCfg = Release|x64
		{2A2387DC-DDD1-4F3A-A359-C7EC33663CAA}.Release|x64.Build.0 = Release|x64
		{2A2387DC-DDD1-4F3A-A359-C7EC33663CAA}.Release|x86.ActiveCfg = Release|Win32
		{2A2387DC-DDD1-4F3A-A359-C7EC33663CAA}.Release|x86.Build.0 = Release|Win32
		{C3814893-3667-4C9D-922E-9C1C6EF51A5D}.Debug|x64.ActiveCfg = Debug|x64
		{C3814893-3667-4C9D-922E-9C1C6EF51A5D}.Debug|x64.Build.0 = Debug|x64
		{C3814893-3667-4C9D-922E-9C1C6EF51A5D}.Debug|x86.ActiveCfg = Debug|Win32
		{C3814893-3667-4C9D-922E-9C1C6EF51A5D}.Debug|x86.Build.0 = Debug|Win32
		{C3814893-3667-4C9D-922E-9C1C6EF51A5D}.Release|x64.ActiveCfg = Release|x64
		{C3814893-3667-4C9D-922E-9C1C6EF51A5D}.Release|x64.Build.0 = Release|x64
		{C3814893-3667-4C9D-922E-9C1C6EF51A5D}.Release|x86.ActiveCfg = Release|Win32
		{C3814893-3667-4C9D-922E-9C1C6EF51A5D}.Release|x86.Build.0 = Release|Win32
		{05D2BC78-C3AD-4057-A877-3C23FFF1FC6B}.Debug|x64.ActiveCfg = Debug|x64
		{05D2BC78-C3AD-4057-A877-3C23FFF1FC6B}.Debug|x64.Build.0 = Debug|x64
		{05D2BC78-C3AD-4057-A877-3C23FFF1FC6B}.Debug|x86.ActiveCfg = Debug|Win32
		{05D2BC78-C3AD-4057-A877-3C23FFF1FC6B}.Debug|x86.Build.0 = Debug|Win32
		{05D2BC78-C3AD-4057-A877-3C23FFF1FC6B}.Release|x64.ActiveCfg = Release|x64
		{05D2BC78-C3AD-4057-A877-3C23FFF1FC6B}.Release|x64.Build.0 = Release|x64
		{05D2BC78-C3AD-4057-A877-3C23FFF1FC6B}.Release|x86.ActiveCfg = Release|Win32
		{05D2BC78-C3AD-4057-A877-3C23FFF1FC6B}.Release|x86.Build.0 = Release|Win32
		{B142DC7C-00B7-4C31-BACE-637843B7BD32}.Debug|x64.ActiveCfg = Debug|x64
		{B142DC7C-00B7-4C31-BACE-637843B7BD32}.Debug|x64.Build.0 = Debug|x64
		{B142DC7C-00B7-4C31-BACE-637843B7BD32}.Debug|x86.ActiveCfg = Debug|Win32
		{B142DC7C-00B7-4C31-BACE-637843B7BD32}.Debug|x86.Build.0 = Debug|Win32
		{B142DC7C-00B7-4C31-BACE-637843B7BD32}.Release|x64.ActiveCfg = Release|x64
		{B142DC7C-00B7-4C31-BACE-637843B7BD32}.Release|x64.Build.0 = Release|x64
		{B142DC7C-00B7-4C31-BACE-637843B7BD32}.Release|x86.ActiveCfg = Release|Win32
		{B142DC7C-00B7-4C31-BACE-637843B7BD32}.Release|x86.Build.0 = Release|Win32
		{7A84B82C-2075-428E-B704-DA1F53075D71}.Debug|x64.ActiveCfg = Debug|x64
		{7A84B82C-2075-428E-B704-DA1F53075D71}.Debug|x64.Build.0 = Debug|x64
		{7A84B82C-2075-428E-B704-DA1F53075D71}.Debug|x86.ActiveCfg = Debug|Win32
		{7A84B82C-2075-428E-B704-DA1F53075D71}.Debug|x86.Build.0 = Debug|Win32
		{7A84B82C-2075-428E-B704-DA1F53075D71}.Release|x64.ActiveCfg = Release|x64
		{7A84B82C-2075-428E-B704-DA1F53075D71}.Release|x64.Build.0 = Release|x64
		{7A84B82C-2075-428E-B704-DA1F53075D71}.Release|x86.ActiveCfg = Release|Win32
		{7A84B82C-2075-428E-B704-DA1F53075D71}.Release|x86.Build.0 = Release|Win32
		{2A4E3FDF-A379-4987-8470-45D93F49B6D7}.Debug|x64.ActiveCfg = Debug|x64
		{2A4E3FDF-A379-4987-8470-45D93F49B6D7}.Debug|x64.Build.0 = Debug|x64
		{2A4E3FDF-A379-4987-8470-45D93F49B6D7}.Debug|x86.ActiveCfg = Debug|Win32
		{2A4E3FDF-A379-4987-8470-45D93F49B6D7}.Debug|x86.Build.0 = Debug|Win32
		{2A4E3FDF-A379-4987-8470-45D93F49B6D7}.Release|x64.ActiveCfg = Release|x64
		{2A4E3FDF-A379-4987-8470-45D93F49B6D7}.Release|x64.Build.0 = Release|x64
		{2A4E3FDF-A379-4987-8470-45D93F49B6D7}.Release|x86.ActiveCfg = Release|Win32
		{2A4E3FDF-A379-4987-8470-45D93F49B6D7}.Release|x86.Build.0 = Release|Win32
	EndGlobalSection
	GlobalSection(SolutionProperties) = preSolution
		HideSolutionNode = FALSE
	EndGlobalSection
	GlobalSection(ExtensibilityGlobals) = postSolution
		SolutionGuid = {46A41D06-492D-4A03-A764-76C09F9A821C}
	EndGlobalSection
EndGlobal
